// !$*UTF8*$!
{
	archiveVersion = 1;
	classes = {
	};
	objectVersion = 55;
	objects = {

/* Begin PBXBuildFile section */
		2C6BED8A27BD931600FFC882 /* AppDelegate.swift in Sources */ = {isa = PBXBuildFile; fileRef = 2C6BED8927BD931600FFC882 /* AppDelegate.swift */; };
		2C6BED8C27BD931600FFC882 /* SceneDelegate.swift in Sources */ = {isa = PBXBuildFile; fileRef = 2C6BED8B27BD931600FFC882 /* SceneDelegate.swift */; };
		2C6BED8E27BD931600FFC882 /* MainVC.swift in Sources */ = {isa = PBXBuildFile; fileRef = 2C6BED8D27BD931600FFC882 /* MainVC.swift */; };
		2C6BED9327BD931800FFC882 /* Assets.xcassets in Resources */ = {isa = PBXBuildFile; fileRef = 2C6BED9227BD931800FFC882 /* Assets.xcassets */; };
		2C6BED9627BD931800FFC882 /* LaunchScreen.storyboard in Resources */ = {isa = PBXBuildFile; fileRef = 2C6BED9427BD931800FFC882 /* LaunchScreen.storyboard */; };
		2C6BED9F27BD95CA00FFC882 /* MyNotes.xcdatamodeld in Sources */ = {isa = PBXBuildFile; fileRef = 2C6BED9D27BD95CA00FFC882 /* MyNotes.xcdatamodeld */; };
		2C6BEDA127BD966800FFC882 /* CoreDataProperties.swift in Sources */ = {isa = PBXBuildFile; fileRef = 2C6BEDA027BD966800FFC882 /* CoreDataProperties.swift */; };
		2C6BEDA827BD9C1200FFC882 /* TextField.swift in Sources */ = {isa = PBXBuildFile; fileRef = 2C6BEDA727BD9C1200FFC882 /* TextField.swift */; };
		2C6BEDAA27BD9EEB00FFC882 /* TextView.swift in Sources */ = {isa = PBXBuildFile; fileRef = 2C6BEDA927BD9EEB00FFC882 /* TextView.swift */; };
		2C6BEDAC27BDA1FF00FFC882 /* AddButton.swift in Sources */ = {isa = PBXBuildFile; fileRef = 2C6BEDAB27BDA1FF00FFC882 /* AddButton.swift */; };
		2C6BEDAF27BDA49800FFC882 /* NoteVC.swift in Sources */ = {isa = PBXBuildFile; fileRef = 2C6BEDAE27BDA49800FFC882 /* NoteVC.swift */; };
		2C6BEDB127BDB5AD00FFC882 /* CoreDataManager.swift in Sources */ = {isa = PBXBuildFile; fileRef = 2C6BEDB027BDB5AD00FFC882 /* CoreDataManager.swift */; };
		2C6BEDB327BDBC1600FFC882 /* Note+CoreDataClass.swift in Sources */ = {isa = PBXBuildFile; fileRef = 2C6BEDB227BDBC1600FFC882 /* Note+CoreDataClass.swift */; };
		2C6BEDB527BDBEC100FFC882 /* NoteCell.swift in Sources */ = {isa = PBXBuildFile; fileRef = 2C6BEDB427BDBEC100FFC882 /* NoteCell.swift */; };
		2C6BEDB727BDC1AD00FFC882 /* Extensions.swift in Sources */ = {isa = PBXBuildFile; fileRef = 2C6BEDB627BDC1AD00FFC882 /* Extensions.swift */; };
		2C6BEDB927BE994000FFC882 /* TabeViewManager.swift in Sources */ = {isa = PBXBuildFile; fileRef = 2C6BEDB827BE994000FFC882 /* TabeViewManager.swift */; };
		2C6BEDBD27BF20AC00FFC882 /* Item.swift in Sources */ = {isa = PBXBuildFile; fileRef = 2C6BEDBC27BF20AC00FFC882 /* Item.swift */; };
/* End PBXBuildFile section */

/* Begin PBXFileReference section */
		2C6BED8627BD931600FFC882 /* To-Do.app */ = {isa = PBXFileReference; explicitFileType = wrapper.application; includeInIndex = 0; path = "To-Do.app"; sourceTree = BUILT_PRODUCTS_DIR; };
		2C6BED8927BD931600FFC882 /* AppDelegate.swift */ = {isa = PBXFileReference; lastKnownFileType = sourcecode.swift; path = AppDelegate.swift; sourceTree = "<group>"; };
		2C6BED8B27BD931600FFC882 /* SceneDelegate.swift */ = {isa = PBXFileReference; lastKnownFileType = sourcecode.swift; path = SceneDelegate.swift; sourceTree = "<group>"; };
		2C6BED8D27BD931600FFC882 /* MainVC.swift */ = {isa = PBXFileReference; lastKnownFileType = sourcecode.swift; path = MainVC.swift; sourceTree = "<group>"; };
		2C6BED9227BD931800FFC882 /* Assets.xcassets */ = {isa = PBXFileReference; lastKnownFileType = folder.assetcatalog; path = Assets.xcassets; sourceTree = "<group>"; };
		2C6BED9527BD931800FFC882 /* Base */ = {isa = PBXFileReference; lastKnownFileType = file.storyboard; name = Base; path = Base.lproj/LaunchScreen.storyboard; sourceTree = "<group>"; };
		2C6BED9727BD931800FFC882 /* Info.plist */ = {isa = PBXFileReference; lastKnownFileType = text.plist.xml; path = Info.plist; sourceTree = "<group>"; };
		2C6BED9E27BD95CA00FFC882 /* MyNotes.xcdatamodel */ = {isa = PBXFileReference; lastKnownFileType = wrapper.xcdatamodel; path = MyNotes.xcdatamodel; sourceTree = "<group>"; };
		2C6BEDA027BD966800FFC882 /* CoreDataProperties.swift */ = {isa = PBXFileReference; lastKnownFileType = sourcecode.swift; path = CoreDataProperties.swift; sourceTree = "<group>"; };
		2C6BEDA727BD9C1200FFC882 /* TextField.swift */ = {isa = PBXFileReference; lastKnownFileType = sourcecode.swift; path = TextField.swift; sourceTree = "<group>"; };
		2C6BEDA927BD9EEB00FFC882 /* TextView.swift */ = {isa = PBXFileReference; lastKnownFileType = sourcecode.swift; path = TextView.swift; sourceTree = "<group>"; };
		2C6BEDAB27BDA1FF00FFC882 /* AddButton.swift */ = {isa = PBXFileReference; lastKnownFileType = sourcecode.swift; path = AddButton.swift; sourceTree = "<group>"; };
		2C6BEDAE27BDA49800FFC882 /* NoteVC.swift */ = {isa = PBXFileReference; lastKnownFileType = sourcecode.swift; path = NoteVC.swift; sourceTree = "<group>"; };
		2C6BEDB027BDB5AD00FFC882 /* CoreDataManager.swift */ = {isa = PBXFileReference; lastKnownFileType = sourcecode.swift; path = CoreDataManager.swift; sourceTree = "<group>"; };
		2C6BEDB227BDBC1600FFC882 /* Note+CoreDataClass.swift */ = {isa = PBXFileReference; lastKnownFileType = sourcecode.swift; path = "Note+CoreDataClass.swift"; sourceTree = "<group>"; };
		2C6BEDB427BDBEC100FFC882 /* NoteCell.swift */ = {isa = PBXFileReference; lastKnownFileType = sourcecode.swift; path = NoteCell.swift; sourceTree = "<group>"; };
		2C6BEDB627BDC1AD00FFC882 /* Extensions.swift */ = {isa = PBXFileReference; lastKnownFileType = sourcecode.swift; path = Extensions.swift; sourceTree = "<group>"; };
		2C6BEDB827BE994000FFC882 /* TabeViewManager.swift */ = {isa = PBXFileReference; lastKnownFileType = sourcecode.swift; path = TabeViewManager.swift; sourceTree = "<group>"; };
		2C6BEDBC27BF20AC00FFC882 /* Item.swift */ = {isa = PBXFileReference; lastKnownFileType = sourcecode.swift; path = Item.swift; sourceTree = "<group>"; };
/* End PBXFileReference section */

/* Begin PBXFrameworksBuildPhase section */
		2C6BED8327BD931600FFC882 /* Frameworks */ = {
			isa = PBXFrameworksBuildPhase;
			buildActionMask = 2147483647;
			files = (
			);
			runOnlyForDeploymentPostprocessing = 0;
		};
/* End PBXFrameworksBuildPhase section */

/* Begin PBXGroup section */
		2C6BED7D27BD931600FFC882 = {
			isa = PBXGroup;
			children = (
				2C6BED8827BD931600FFC882 /* To-Do */,
				2C6BED8727BD931600FFC882 /* Products */,
			);
			sourceTree = "<group>";
		};
		2C6BED8727BD931600FFC882 /* Products */ = {
			isa = PBXGroup;
			children = (
				2C6BED8627BD931600FFC882 /* To-Do.app */,
			);
			name = Products;
			sourceTree = "<group>";
		};
		2C6BED8827BD931600FFC882 /* To-Do */ = {
			isa = PBXGroup;
			children = (
				2C6BEDA427BD9BA500FFC882 /* Model */,
				2C6BEDA627BD9BCC00FFC882 /* View */,
				2C6BEDAD27BDA47100FFC882 /* Controllers */,
				2C6BEDA527BD9BB300FFC882 /* Support */,
				2C6BED9227BD931800FFC882 /* Assets.xcassets */,
				2C6BED9D27BD95CA00FFC882 /* MyNotes.xcdatamodeld */,
				2C6BED9427BD931800FFC882 /* LaunchScreen.storyboard */,
				2C6BED9727BD931800FFC882 /* Info.plist */,
				2C6BEDB627BDC1AD00FFC882 /* Extensions.swift */,
			);
			path = "To-Do";
			sourceTree = "<group>";
		};
		2C6BEDA427BD9BA500FFC882 /* Model */ = {
			isa = PBXGroup;
			children = (
				2C6BEDA027BD966800FFC882 /* CoreDataProperties.swift */,
				2C6BEDB227BDBC1600FFC882 /* Note+CoreDataClass.swift */,
				2C6BEDB027BDB5AD00FFC882 /* CoreDataManager.swift */,
				2C6BEDB427BDBEC100FFC882 /* NoteCell.swift */,
				2C6BEDB827BE994000FFC882 /* TabeViewManager.swift */,
				2C6BEDBC27BF20AC00FFC882 /* Item.swift */,
			);
			path = Model;
			sourceTree = "<group>";
		};
		2C6BEDA527BD9BB300FFC882 /* Support */ = {
			isa = PBXGroup;
			children = (
				2C6BED8927BD931600FFC882 /* AppDelegate.swift */,
				2C6BED8B27BD931600FFC882 /* SceneDelegate.swift */,
			);
			path = Support;
			sourceTree = "<group>";
		};
		2C6BEDA627BD9BCC00FFC882 /* View */ = {
			isa = PBXGroup;
			children = (
				2C6BEDA727BD9C1200FFC882 /* TextField.swift */,
				2C6BEDAB27BDA1FF00FFC882 /* AddButton.swift */,
				2C6BEDA927BD9EEB00FFC882 /* TextView.swift */,
			);
			path = View;
			sourceTree = "<group>";
		};
		2C6BEDAD27BDA47100FFC882 /* Controllers */ = {
			isa = PBXGroup;
			children = (
				2C6BED8D27BD931600FFC882 /* MainVC.swift */,
				2C6BEDAE27BDA49800FFC882 /* NoteVC.swift */,
			);
			path = Controllers;
			sourceTree = "<group>";
		};
/* End PBXGroup section */

/* Begin PBXNativeTarget section */
		2C6BED8527BD931600FFC882 /* To-Do */ = {
			isa = PBXNativeTarget;
			buildConfigurationList = 2C6BED9A27BD931800FFC882 /* Build configuration list for PBXNativeTarget "To-Do" */;
			buildPhases = (
				2C6BED8227BD931600FFC882 /* Sources */,
				2C6BED8327BD931600FFC882 /* Frameworks */,
				2C6BED8427BD931600FFC882 /* Resources */,
			);
			buildRules = (
			);
			dependencies = (
			);
			name = "To-Do";
			productName = "CoreData-App";
			productReference = 2C6BED8627BD931600FFC882 /* To-Do.app */;
			productType = "com.apple.product-type.application";
		};
/* End PBXNativeTarget section */

/* Begin PBXProject section */
		2C6BED7E27BD931600FFC882 /* Project object */ = {
			isa = PBXProject;
			attributes = {
				BuildIndependentTargetsInParallel = 1;
				LastSwiftUpdateCheck = 1320;
				LastUpgradeCheck = 1320;
				TargetAttributes = {
					2C6BED8527BD931600FFC882 = {
						CreatedOnToolsVersion = 13.2.1;
					};
				};
			};
			buildConfigurationList = 2C6BED8127BD931600FFC882 /* Build configuration list for PBXProject "To-Do" */;
			compatibilityVersion = "Xcode 13.0";
			developmentRegion = en;
			hasScannedForEncodings = 0;
			knownRegions = (
				en,
				Base,
			);
			mainGroup = 2C6BED7D27BD931600FFC882;
			productRefGroup = 2C6BED8727BD931600FFC882 /* Products */;
			projectDirPath = "";
			projectRoot = "";
			targets = (
				2C6BED8527BD931600FFC882 /* To-Do */,
			);
		};
/* End PBXProject section */

/* Begin PBXResourcesBuildPhase section */
		2C6BED8427BD931600FFC882 /* Resources */ = {
			isa = PBXResourcesBuildPhase;
			buildActionMask = 2147483647;
			files = (
				2C6BED9627BD931800FFC882 /* LaunchScreen.storyboard in Resources */,
				2C6BED9327BD931800FFC882 /* Assets.xcassets in Resources */,
			);
			runOnlyForDeploymentPostprocessing = 0;
		};
/* End PBXResourcesBuildPhase section */

/* Begin PBXSourcesBuildPhase section */
		2C6BED8227BD931600FFC882 /* Sources */ = {
			isa = PBXSourcesBuildPhase;
			buildActionMask = 2147483647;
			files = (
				2C6BEDA127BD966800FFC882 /* CoreDataProperties.swift in Sources */,
				2C6BED8E27BD931600FFC882 /* MainVC.swift in Sources */,
				2C6BEDB327BDBC1600FFC882 /* Note+CoreDataClass.swift in Sources */,
				2C6BEDB527BDBEC100FFC882 /* NoteCell.swift in Sources */,
				2C6BED8A27BD931600FFC882 /* AppDelegate.swift in Sources */,
				2C6BEDAA27BD9EEB00FFC882 /* TextView.swift in Sources */,
				2C6BEDA827BD9C1200FFC882 /* TextField.swift in Sources */,
				2C6BED8C27BD931600FFC882 /* SceneDelegate.swift in Sources */,
				2C6BEDB727BDC1AD00FFC882 /* Extensions.swift in Sources */,
				2C6BEDBD27BF20AC00FFC882 /* Item.swift in Sources */,
				2C6BED9F27BD95CA00FFC882 /* MyNotes.xcdatamodeld in Sources */,
				2C6BEDB927BE994000FFC882 /* TabeViewManager.swift in Sources */,
				2C6BEDAF27BDA49800FFC882 /* NoteVC.swift in Sources */,
				2C6BEDB127BDB5AD00FFC882 /* CoreDataManager.swift in Sources */,
				2C6BEDAC27BDA1FF00FFC882 /* AddButton.swift in Sources */,
			);
			runOnlyForDeploymentPostprocessing = 0;
		};
/* End PBXSourcesBuildPhase section */

/* Begin PBXVariantGroup section */
		2C6BED9427BD931800FFC882 /* LaunchScreen.storyboard */ = {
			isa = PBXVariantGroup;
			children = (
				2C6BED9527BD931800FFC882 /* Base */,
			);
			name = LaunchScreen.storyboard;
			sourceTree = "<group>";
		};
/* End PBXVariantGroup section */

/* Begin XCBuildConfiguration section */
		2C6BED9827BD931800FFC882 /* Debug */ = {
			isa = XCBuildConfiguration;
			buildSettings = {
				ALWAYS_SEARCH_USER_PATHS = NO;
				CLANG_ANALYZER_NONNULL = YES;
				CLANG_ANALYZER_NUMBER_OBJECT_CONVERSION = YES_AGGRESSIVE;
				CLANG_CXX_LANGUAGE_STANDARD = "gnu++17";
				CLANG_CXX_LIBRARY = "libc++";
				CLANG_ENABLE_MODULES = YES;
				CLANG_ENABLE_OBJC_ARC = YES;
				CLANG_ENABLE_OBJC_WEAK = YES;
				CLANG_WARN_BLOCK_CAPTURE_AUTORELEASING = YES;
				CLANG_WARN_BOOL_CONVERSION = YES;
				CLANG_WARN_COMMA = YES;
				CLANG_WARN_CONSTANT_CONVERSION = YES;
				CLANG_WARN_DEPRECATED_OBJC_IMPLEMENTATIONS = YES;
				CLANG_WARN_DIRECT_OBJC_ISA_USAGE = YES_ERROR;
				CLANG_WARN_DOCUMENTATION_COMMENTS = YES;
				CLANG_WARN_EMPTY_BODY = YES;
				CLANG_WARN_ENUM_CONVERSION = YES;
				CLANG_WARN_INFINITE_RECURSION = YES;
				CLANG_WARN_INT_CONVERSION = YES;
				CLANG_WARN_NON_LITERAL_NULL_CONVERSION = YES;
				CLANG_WARN_OBJC_IMPLICIT_RETAIN_SELF = YES;
				CLANG_WARN_OBJC_LITERAL_CONVERSION = YES;
				CLANG_WARN_OBJC_ROOT_CLASS = YES_ERROR;
				CLANG_WARN_QUOTED_INCLUDE_IN_FRAMEWORK_HEADER = YES;
				CLANG_WARN_RANGE_LOOP_ANALYSIS = YES;
				CLANG_WARN_STRICT_PROTOTYPES = YES;
				CLANG_WARN_SUSPICIOUS_MOVE = YES;
				CLANG_WARN_UNGUARDED_AVAILABILITY = YES_AGGRESSIVE;
				CLANG_WARN_UNREACHABLE_CODE = YES;
				CLANG_WARN__DUPLICATE_METHOD_MATCH = YES;
				COPY_PHASE_STRIP = NO;
				DEBUG_INFORMATION_FORMAT = dwarf;
				ENABLE_STRICT_OBJC_MSGSEND = YES;
				ENABLE_TESTABILITY = YES;
				GCC_C_LANGUAGE_STANDARD = gnu11;
				GCC_DYNAMIC_NO_PIC = NO;
				GCC_NO_COMMON_BLOCKS = YES;
				GCC_OPTIMIZATION_LEVEL = 0;
				GCC_PREPROCESSOR_DEFINITIONS = (
					"DEBUG=1",
					"$(inherited)",
				);
				GCC_WARN_64_TO_32_BIT_CONVERSION = YES;
				GCC_WARN_ABOUT_RETURN_TYPE = YES_ERROR;
				GCC_WARN_UNDECLARED_SELECTOR = YES;
				GCC_WARN_UNINITIALIZED_AUTOS = YES_AGGRESSIVE;
				GCC_WARN_UNUSED_FUNCTION = YES;
				GCC_WARN_UNUSED_VARIABLE = YES;
				IPHONEOS_DEPLOYMENT_TARGET = 15.2;
				MTL_ENABLE_DEBUG_INFO = INCLUDE_SOURCE;
				MTL_FAST_MATH = YES;
				ONLY_ACTIVE_ARCH = YES;
				SDKROOT = iphoneos;
				SWIFT_ACTIVE_COMPILATION_CONDITIONS = DEBUG;
				SWIFT_OPTIMIZATION_LEVEL = "-Onone";
			};
			name = Debug;
		};
		2C6BED9927BD931800FFC882 /* Release */ = {
			isa = XCBuildConfiguration;
			buildSettings = {
				ALWAYS_SEARCH_USER_PATHS = NO;
				CLANG_ANALYZER_NONNULL = YES;
				CLANG_ANALYZER_NUMBER_OBJECT_CONVERSION = YES_AGGRESSIVE;
				CLANG_CXX_LANGUAGE_STANDARD = "gnu++17";
				CLANG_CXX_LIBRARY = "libc++";
				CLANG_ENABLE_MODULES = YES;
				CLANG_ENABLE_OBJC_ARC = YES;
				CLANG_ENABLE_OBJC_WEAK = YES;
				CLANG_WARN_BLOCK_CAPTURE_AUTORELEASING = YES;
				CLANG_WARN_BOOL_CONVERSION = YES;
				CLANG_WARN_COMMA = YES;
				CLANG_WARN_CONSTANT_CONVERSION = YES;
				CLANG_WARN_DEPRECATED_OBJC_IMPLEMENTATIONS = YES;
				CLANG_WARN_DIRECT_OBJC_ISA_USAGE = YES_ERROR;
				CLANG_WARN_DOCUMENTATION_COMMENTS = YES;
				CLANG_WARN_EMPTY_BODY = YES;
				CLANG_WARN_ENUM_CONVERSION = YES;
				CLANG_WARN_INFINITE_RECURSION = YES;
				CLANG_WARN_INT_CONVERSION = YES;
				CLANG_WARN_NON_LITERAL_NULL_CONVERSION = YES;
				CLANG_WARN_OBJC_IMPLICIT_RETAIN_SELF = YES;
				CLANG_WARN_OBJC_LITERAL_CONVERSION = YES;
				CLANG_WARN_OBJC_ROOT_CLASS = YES_ERROR;
				CLANG_WARN_QUOTED_INCLUDE_IN_FRAMEWORK_HEADER = YES;
				CLANG_WARN_RANGE_LOOP_ANALYSIS = YES;
				CLANG_WARN_STRICT_PROTOTYPES = YES;
				CLANG_WARN_SUSPICIOUS_MOVE = YES;
				CLANG_WARN_UNGUARDED_AVAILABILITY = YES_AGGRESSIVE;
				CLANG_WARN_UNREACHABLE_CODE = YES;
				CLANG_WARN__DUPLICATE_METHOD_MATCH = YES;
				COPY_PHASE_STRIP = NO;
				DEBUG_INFORMATION_FORMAT = "dwarf-with-dsym";
				ENABLE_NS_ASSERTIONS = NO;
				ENABLE_STRICT_OBJC_MSGSEND = YES;
				GCC_C_LANGUAGE_STANDARD = gnu11;
				GCC_NO_COMMON_BLOCKS = YES;
				GCC_WARN_64_TO_32_BIT_CONVERSION = YES;
				GCC_WARN_ABOUT_RETURN_TYPE = YES_ERROR;
				GCC_WARN_UNDECLARED_SELECTOR = YES;
				GCC_WARN_UNINITIALIZED_AUTOS = YES_AGGRESSIVE;
				GCC_WARN_UNUSED_FUNCTION = YES;
				GCC_WARN_UNUSED_VARIABLE = YES;
				IPHONEOS_DEPLOYMENT_TARGET = 15.2;
				MTL_ENABLE_DEBUG_INFO = NO;
				MTL_FAST_MATH = YES;
				SDKROOT = iphoneos;
				SWIFT_COMPILATION_MODE = wholemodule;
				SWIFT_OPTIMIZATION_LEVEL = "-O";
				VALIDATE_PRODUCT = YES;
			};
			name = Release;
		};
		2C6BED9B27BD931800FFC882 /* Debug */ = {
			isa = XCBuildConfiguration;
			buildSettings = {
				ASSETCATALOG_COMPILER_APPICON_NAME = AppIcon;
				ASSETCATALOG_COMPILER_GLOBAL_ACCENT_COLOR_NAME = AccentColor;
				CODE_SIGN_STYLE = Automatic;
				CURRENT_PROJECT_VERSION = 1;
				DEVELOPMENT_TEAM = XT6726KZ8H;
				GENERATE_INFOPLIST_FILE = YES;
				INFOPLIST_FILE = "CoreData-App/Info.plist";
				INFOPLIST_KEY_CFBundleDisplayName = "To-Do";
				INFOPLIST_KEY_UIApplicationSupportsIndirectInputEvents = YES;
				INFOPLIST_KEY_UILaunchStoryboardName = LaunchScreen;
				INFOPLIST_KEY_UISupportedInterfaceOrientations_iPad = "UIInterfaceOrientationPortrait UIInterfaceOrientationPortraitUpsideDown UIInterfaceOrientationLandscapeLeft UIInterfaceOrientationLandscapeRight";
				INFOPLIST_KEY_UISupportedInterfaceOrientations_iPhone = "UIInterfaceOrientationPortrait UIInterfaceOrientationLandscapeLeft UIInterfaceOrientationLandscapeRight";
				LD_RUNPATH_SEARCH_PATHS = (
					"$(inherited)",
					"@executable_path/Frameworks",
				);
				MARKETING_VERSION = 1.0;
				PRODUCT_BUNDLE_IDENTIFIER = "com.iyezanApp.To-Do";
				PRODUCT_NAME = "$(TARGET_NAME)";
				SWIFT_EMIT_LOC_STRINGS = YES;
				SWIFT_VERSION = 5.0;
				TARGETED_DEVICE_FAMILY = 1;
			};
			name = Debug;
		};
		2C6BED9C27BD931800FFC882 /* Release */ = {
			isa = XCBuildConfiguration;
			buildSettings = {
				ASSETCATALOG_COMPILER_APPICON_NAME = AppIcon;
				ASSETCATALOG_COMPILER_GLOBAL_ACCENT_COLOR_NAME = AccentColor;
				CODE_SIGN_STYLE = Automatic;
				CURRENT_PROJECT_VERSION = 1;
				DEVELOPMENT_TEAM = XT6726KZ8H;
				GENERATE_INFOPLIST_FILE = YES;
				INFOPLIST_FILE = "CoreData-App/Info.plist";
				INFOPLIST_KEY_CFBundleDisplayName = "To-Do";
				INFOPLIST_KEY_UIApplicationSupportsIndirectInputEvents = YES;
				INFOPLIST_KEY_UILaunchStoryboardName = LaunchScreen;
				INFOPLIST_KEY_UISupportedInterfaceOrientations_iPad = "UIInterfaceOrientationPortrait UIInterfaceOrientationPortraitUpsideDown UIInterfaceOrientationLandscapeLeft UIInterfaceOrientationLandscapeRight";
				INFOPLIST_KEY_UISupportedInterfaceOrientations_iPhone = "UIInterfaceOrientationPortrait UIInterfaceOrientationLandscapeLeft UIInterfaceOrientationLandscapeRight";
				LD_RUNPATH_SEARCH_PATHS = (
					"$(inherited)",
					"@executable_path/Frameworks",
				);
				MARKETING_VERSION = 1.0;
				PRODUCT_BUNDLE_IDENTIFIER = "com.iyezanApp.To-Do";
				PRODUCT_NAME = "$(TARGET_NAME)";
				SWIFT_EMIT_LOC_STRINGS = YES;
				SWIFT_VERSION = 5.0;
				TARGETED_DEVICE_FAMILY = 1;
			};
			name = Release;
		};
/* End XCBuildConfiguration section */

/* Begin XCConfigurationList section */
		2C6BED8127BD931600FFC882 /* Build configuration list for PBXProject "To-Do" */ = {
			isa = XCConfigurationList;
			buildConfigurations = (
				2C6BED9827BD931800FFC882 /* Debug */,
				2C6BED9927BD931800FFC882 /* Release */,
			);
			defaultConfigurationIsVisible = 0;
			defaultConfigurationName = Release;
		};
		2C6BED9A27BD931800FFC882 /* Build configuration list for PBXNativeTarget "To-Do" */ = {
			isa = XCConfigurationList;
			buildConfigurations = (
				2C6BED9B27BD931800FFC882 /* Debug */,
				2C6BED9C27BD931800FFC882 /* Release */,
			);
			defaultConfigurationIsVisible = 0;
			defaultConfigurationName = Release;
		};
/* End XCConfigurationList section */

/* Begin XCVersionGroup section */
		2C6BED9D27BD95CA00FFC882 /* MyNotes.xcdatamodeld */ = {
			isa = XCVersionGroup;
			children = (
				2C6BED9E27BD95CA00FFC882 /* MyNotes.xcdatamodel */,
			);
			currentVersion = 2C6BED9E27BD95CA00FFC882 /* MyNotes.xcdatamodel */;
			path = MyNotes.xcdatamodeld;
			sourceTree = "<group>";
			versionGroupType = wrapper.xcdatamodel;
		};
/* End XCVersionGroup section */
	};
	rootObject = 2C6BED7E27BD931600FFC882 /* Project object */;
}
